<?xml version="1.0" encoding="utf-8"?>
<Project ToolsVersion="4.0" xmlns="http://schemas.microsoft.com/developer/msbuild/2003">
  <ItemGroup>
    <Filter Include="Source Files">
      <UniqueIdentifier>{4FC737F1-C7A5-4376-A066-2A32D752A2FF}</UniqueIdentifier>
      <Extensions>cpp;c;cc;cxx;def;odl;idl;hpj;bat;asm;asmx</Extensions>
    </Filter>
    <Filter Include="Header Files">
      <UniqueIdentifier>{93995380-89BD-4b04-88EB-625FBE52EBFB}</UniqueIdentifier>
      <Extensions>h;hh;hpp;hxx;hm;inl;inc;ipp;xsd</Extensions>
    </Filter>
    <Filter Include="Resource Files">
      <UniqueIdentifier>{67DA6AB6-F800-4c08-8B7A-83BB121AAD01}</UniqueIdentifier>
      <Extensions>rc;ico;cur;bmp;dlg;rc2;rct;bin;rgs;gif;jpg;jpeg;jpe;resx;tiff;tif;png;wav;mfcribbon-ms</Extensions>
    </Filter>
    <Filter Include="Utilities">
      <UniqueIdentifier>{ff444d4a-ee29-4b5a-bdf7-1f20b77bc582}</UniqueIdentifier>
    </Filter>
    <Filter Include="Shaders">
      <UniqueIdentifier>{99acc3ef-3d0c-4bc1-b9be-c9b08b01f722}</UniqueIdentifier>
    </Filter>
    <Filter Include="Neuron">
      <UniqueIdentifier>{c67f628f-fa30-40c9-bdd7-31d7d34ad1c4}</UniqueIdentifier>
    </Filter>
    <Filter Include="Neuron\Barriers">
      <UniqueIdentifier>{7a00f056-d761-48b6-800e-e9ec17ca3af4}</UniqueIdentifier>
    </Filter>
  </ItemGroup>
  <ItemGroup>
    <ClCompile Include="Source.cpp">
      <Filter>Source Files</Filter>
    </ClCompile>
    <ClCompile Include="Simulation.cpp">
      <Filter>Source Files</Filter>
    </ClCompile>
    <ClCompile Include="Neuron.cpp">
      <Filter>Neuron</Filter>
    </ClCompile>
    <ClCompile Include="Channel.cpp">
      <Filter>Neuron</Filter>
    </ClCompile>
    <ClCompile Include="Axon.cpp">
      <Filter>Neuron\Barriers</Filter>
    </ClCompile>
    <ClCompile Include="Barrier.cpp">
      <Filter>Neuron\Barriers</Filter>
    </ClCompile>
    <ClCompile Include="Soma.cpp">
      <Filter>Neuron\Barriers</Filter>
    </ClCompile>
    <ClCompile Include="Dendrite.cpp">
      <Filter>Neuron\Barriers</Filter>
    </ClCompile>
    <ClCompile Include="Nucleus.cpp">
      <Filter>Neuron\Barriers</Filter>
    </ClCompile>
  </ItemGroup>
  <ItemGroup>
    <ClInclude Include="Utilities.h">
      <Filter>Utilities</Filter>
    </ClInclude>
    <ClInclude Include="STBImage.h">
      <Filter>Utilities</Filter>
    </ClInclude>
    <ClInclude Include="Neuron.h">
      <Filter>Neuron</Filter>
    </ClInclude>
    <ClInclude Include="Channel.h">
      <Filter>Neuron</Filter>
    </ClInclude>
    <ClInclude Include="Config.h">
      <Filter>Utilities</Filter>
    </ClInclude>
    <ClInclude Include="Camera.h">
      <Filter>Utilities</Filter>
    </ClInclude>
    <ClInclude Include="Particle.h">
      <Filter>Source Files</Filter>
    </ClInclude>
    <ClInclude Include="ShaderProgram.h">
      <Filter>Utilities</Filter>
    </ClInclude>
    <ClInclude Include="Simulation.h">
      <Filter>Source Files</Filter>
    </ClInclude>
    <ClInclude Include="Axon.h">
      <Filter>Neuron\Barriers</Filter>
    </ClInclude>
    <ClInclude Include="Barrier.h">
      <Filter>Neuron\Barriers</Filter>
    </ClInclude>
    <ClInclude Include="Soma.h">
      <Filter>Neuron\Barriers</Filter>
    </ClInclude>
    <ClInclude Include="Dendrite.h">
      <Filter>Neuron\Barriers</Filter>
    </ClInclude>
    <ClInclude Include="Nucleus.h">
      <Filter>Neuron\Barriers</Filter>
    </ClInclude>
  </ItemGroup>
  <ItemGroup>
    <None Include="Ions.vert">
      <Filter>Shaders</Filter>
    </None>
    <None Include="Ions.geom">
      <Filter>Shaders</Filter>
    </None>
    <None Include="Ions.frag">
      <Filter>Shaders</Filter>
    </None>
    <None Include="Barriers.vert">
      <Filter>Shaders</Filter>
    </None>
    <None Include="Barriers.frag">
      <Filter>Shaders</Filter>
    </None>
    <None Include="Channels.vert">
      <Filter>Shaders</Filter>
    </None>
    <None Include="Channels.geom">
      <Filter>Shaders</Filter>
    </None>
    <None Include="Channels.frag">
      <Filter>Shaders</Filter>
    </None>
  </ItemGroup>
  <ItemGroup>
    <Image Include="NapIon.png">
      <Filter>Resource Files</Filter>
    </Image>
    <Image Include="otherParticles.png">
      <Filter>Resource Files</Filter>
    </Image>
    <Image Include="ClmIon.png">
      <Filter>Resource Files</Filter>
    </Image>
    <Image Include="KpIon.png">
      <Filter>Resource Files</Filter>
    </Image>
    <Image Include="bilayer.png">
      <Filter>Resource Files</Filter>
    </Image>
  </ItemGroup>
</Project>